
Microsoft Visual Studio Solution File, Format Version 12.00
# Visual Studio 15
VisualStudioVersion = 15.0.28010.2003
MinimumVisualStudioVersion = 10.0.40219.1
Project("{FAE04EC0-301F-11D3-BF4B-00C04F79EFBC}") = "Fishing.io.UI.MVC", "Fishing.io.UI.MVC\Fishing.io.UI.MVC.csproj", "{0AC1F8DF-1D57-456D-BD71-BE73DD39E7F8}"
EndProject
Project("{FAE04EC0-301F-11D3-BF4B-00C04F79EFBC}") = "Fishing.io.DATA", "Fishing.io.DATA\Fishing.io.DATA.csproj", "{3ACE356F-2DDE-428F-AD17-FF86EB2B332F}"
EndProject
Global
	GlobalSection(SolutionConfigurationPlatforms) = preSolution
		Debug|Any CPU = Debug|Any CPU
		Release|Any CPU = Release|Any CPU
	EndGlobalSection
	GlobalSection(ProjectConfigurationPlatforms) = postSolution
		{0AC1F8DF-1D57-456D-BD71-BE73DD39E7F8}.Debug|Any CPU.ActiveCfg = Debug|Any CPU
		{0AC1F8DF-1D57-456D-BD71-BE73DD39E7F8}.Debug|Any CPU.Build.0 = Debug|Any CPU
		{0AC1F8DF-1D57-456D-BD71-BE73DD39E7F8}.Release|Any CPU.ActiveCfg = Release|Any CPU
		{0AC1F8DF-1D57-456D-BD71-BE73DD39E7F8}.Release|Any CPU.Build.0 = Release|Any CPU
		{3ACE356F-2DDE-428F-AD17-FF86EB2B332F}.Debug|Any CPU.ActiveCfg = Debug|Any CPU
		{3ACE356F-2DDE-428F-AD17-FF86EB2B332F}.Debug|Any CPU.Build.0 = Debug|Any CPU
		{3ACE356F-2DDE-428F-AD17-FF86EB2B332F}.Release|Any CPU.ActiveCfg = Release|Any CPU
		{3ACE356F-2DDE-428F-AD17-FF86EB2B332F}.Release|Any CPU.Build.0 = Release|Any CPU
	EndGlobalSection
	GlobalSection(SolutionProperties) = preSolution
		HideSolutionNode = FALSE
	EndGlobalSection
	GlobalSection(ExtensibilityGlobals) = postSolution
		SolutionGuid = {508E875D-ABC7-463B-B731-110C70AA220C}
	EndGlobalSection
EndGlobal
