
Microsoft Visual Studio Solution File, Format Version 12.00
# Visual Studio 15
VisualStudioVersion = 15.0.28010.2003
MinimumVisualStudioVersion = 10.0.40219.1
Project("{FAE04EC0-301F-11D3-BF4B-00C04F79EFBC}") = "Fishing.io.DATA", "Fishing.io.DATA\Fishing.io.DATA.csproj", "{A5402E99-6821-4F68-A377-15524A3FE856}"
EndProject
Project("{FAE04EC0-301F-11D3-BF4B-00C04F79EFBC}") = "Fishing.io.UI.MVC", "Fishing.io.UI.MVC\Fishing.io.UI.MVC.csproj", "{A9AE7FDB-91D7-46CE-801D-26F9DDD31A57}"
EndProject
Global
	GlobalSection(SolutionConfigurationPlatforms) = preSolution
		Debug|Any CPU = Debug|Any CPU
		Release|Any CPU = Release|Any CPU
	EndGlobalSection
	GlobalSection(ProjectConfigurationPlatforms) = postSolution
		{A5402E99-6821-4F68-A377-15524A3FE856}.Debug|Any CPU.ActiveCfg = Debug|Any CPU
		{A5402E99-6821-4F68-A377-15524A3FE856}.Debug|Any CPU.Build.0 = Debug|Any CPU
		{A5402E99-6821-4F68-A377-15524A3FE856}.Release|Any CPU.ActiveCfg = Release|Any CPU
		{A5402E99-6821-4F68-A377-15524A3FE856}.Release|Any CPU.Build.0 = Release|Any CPU
		{A9AE7FDB-91D7-46CE-801D-26F9DDD31A57}.Debug|Any CPU.ActiveCfg = Debug|Any CPU
		{A9AE7FDB-91D7-46CE-801D-26F9DDD31A57}.Debug|Any CPU.Build.0 = Debug|Any CPU
		{A9AE7FDB-91D7-46CE-801D-26F9DDD31A57}.Release|Any CPU.ActiveCfg = Release|Any CPU
		{A9AE7FDB-91D7-46CE-801D-26F9DDD31A57}.Release|Any CPU.Build.0 = Release|Any CPU
	EndGlobalSection
	GlobalSection(SolutionProperties) = preSolution
		HideSolutionNode = FALSE
	EndGlobalSection
	GlobalSection(ExtensibilityGlobals) = postSolution
		SolutionGuid = {EB5718D4-5BD1-47AB-959B-C52B38BE3E85}
	EndGlobalSection
EndGlobal
